
Microsoft Visual Studio Solution File, Format Version 12.00
# Visual Studio Version 16
VisualStudioVersion = 16.0.31911.196
MinimumVisualStudioVersion = 10.0.40219.1
Project("{FAE04EC0-301F-11D3-BF4B-00C04F79EFBC}") = "HajjPort", "HajjPort.csproj", "{7CAFB869-75B1-47C4-9A6A-95DAA02B1769}"
EndProject
Global
	GlobalSection(SolutionConfigurationPlatforms) = preSolution
		Debug|Any CPU = Debug|Any CPU
		Release|Any CPU = Release|Any CPU
	EndGlobalSection
	GlobalSection(ProjectConfigurationPlatforms) = postSolution
		{7CAFB869-75B1-47C4-9A6A-95DAA02B1769}.Debug|Any CPU.ActiveCfg = Debug|Any CPU
		{7CAFB869-75B1-47C4-9A6A-95DAA02B1769}.Debug|Any CPU.Build.0 = Debug|Any CPU
		{7CAFB869-75B1-47C4-9A6A-95DAA02B1769}.Release|Any CPU.ActiveCfg = Release|Any CPU
		{7CAFB869-75B1-47C4-9A6A-95DAA02B1769}.Release|Any CPU.Build.0 = Release|Any CPU
	EndGlobalSection
	GlobalSection(SolutionProperties) = preSolution
		HideSolutionNode = FALSE
	EndGlobalSection
	GlobalSection(ExtensibilityGlobals) = postSolution
		SolutionGuid = {7CCCFB2A-7DD8-4F04-B42E-E36B50D79D77}
	EndGlobalSection
EndGlobal
